
Microsoft Visual Studio Solution File, Format Version 12.00
# Visual Studio Version 16
VisualStudioVersion = 16.0.31112.23
MinimumVisualStudioVersion = 10.0.40219.1
Project("{9A19103F-16F7-4668-BE54-9A1E7A4F7556}") = "DataStructures", "DataStructures\DataStructures.csproj", "{3647D651-7E7F-4FD4-898E-54FA1DF070E7}"
EndProject
Project("{FAE04EC0-301F-11D3-BF4B-00C04F79EFBC}") = "Algorithms", "Algorithms\Algorithms.csproj", "{D1A4382D-68F0-45F2-A116-A5191A05EF49}"
EndProject
Project("{FAE04EC0-301F-11D3-BF4B-00C04F79EFBC}") = "UnitTests", "UnitTests\UnitTests.csproj", "{032E5239-39D7-4804-B1AC-AE7F13451BAA}"
EndProject
Project("{FAE04EC0-301F-11D3-BF4B-00C04F79EFBC}") = "Benchmarks", "Benchmarks\Benchmarks.csproj", "{C930E5AF-D685-4A7D-BA66-F554E0C6A1FA}"
EndProject
Global
	GlobalSection(SolutionConfigurationPlatforms) = preSolution
		Debug|Any CPU = Debug|Any CPU
		Release|Any CPU = Release|Any CPU
	EndGlobalSection
	GlobalSection(ProjectConfigurationPlatforms) = postSolution
		{3647D651-7E7F-4FD4-898E-54FA1DF070E7}.Debug|Any CPU.ActiveCfg = Debug|Any CPU
		{3647D651-7E7F-4FD4-898E-54FA1DF070E7}.Debug|Any CPU.Build.0 = Debug|Any CPU
		{3647D651-7E7F-4FD4-898E-54FA1DF070E7}.Release|Any CPU.ActiveCfg = Release|Any CPU
		{3647D651-7E7F-4FD4-898E-54FA1DF070E7}.Release|Any CPU.Build.0 = Release|Any CPU
		{D1A4382D-68F0-45F2-A116-A5191A05EF49}.Debug|Any CPU.ActiveCfg = Debug|Any CPU
		{D1A4382D-68F0-45F2-A116-A5191A05EF49}.Debug|Any CPU.Build.0 = Debug|Any CPU
		{D1A4382D-68F0-45F2-A116-A5191A05EF49}.Release|Any CPU.ActiveCfg = Release|Any CPU
		{D1A4382D-68F0-45F2-A116-A5191A05EF49}.Release|Any CPU.Build.0 = Release|Any CPU
		{032E5239-39D7-4804-B1AC-AE7F13451BAA}.Debug|Any CPU.ActiveCfg = Debug|Any CPU
		{032E5239-39D7-4804-B1AC-AE7F13451BAA}.Debug|Any CPU.Build.0 = Debug|Any CPU
		{032E5239-39D7-4804-B1AC-AE7F13451BAA}.Release|Any CPU.ActiveCfg = Release|Any CPU
		{032E5239-39D7-4804-B1AC-AE7F13451BAA}.Release|Any CPU.Build.0 = Release|Any CPU
		{C930E5AF-D685-4A7D-BA66-F554E0C6A1FA}.Debug|Any CPU.ActiveCfg = Debug|Any CPU
		{C930E5AF-D685-4A7D-BA66-F554E0C6A1FA}.Debug|Any CPU.Build.0 = Debug|Any CPU
		{C930E5AF-D685-4A7D-BA66-F554E0C6A1FA}.Release|Any CPU.ActiveCfg = Release|Any CPU
		{C930E5AF-D685-4A7D-BA66-F554E0C6A1FA}.Release|Any CPU.Build.0 = Release|Any CPU
	EndGlobalSection
	GlobalSection(SolutionProperties) = preSolution
		HideSolutionNode = FALSE
	EndGlobalSection
	GlobalSection(ExtensibilityGlobals) = postSolution
		SolutionGuid = {FD6B93B4-27B1-4A0B-B531-EF99FC470346}
	EndGlobalSection
EndGlobal
